
Microsoft Visual Studio Solution File, Format Version 12.00
# Visual Studio 2013
VisualStudioVersion = 12.0.21005.1
MinimumVisualStudioVersion = 10.0.40219.1
Project("{FAE04EC0-301F-11D3-BF4B-00C04F79EFBC}") = "TCSEventReceivers", "TCSEventReceivers\TCSEventReceivers.csproj", "{7C465BD0-BAD5-47B6-A33A-7752F96610AE}"
EndProject
Project("{FAE04EC0-301F-11D3-BF4B-00C04F79EFBC}") = "TCSEventReceiversWeb", "TCSEventReceiversWeb\TCSEventReceiversWeb.csproj", "{EFBE8C8D-5F91-4DC5-8DDA-949C79A215ED}"
EndProject
Global
	GlobalSection(SolutionConfigurationPlatforms) = preSolution
		Debug|Any CPU = Debug|Any CPU
		Release|Any CPU = Release|Any CPU
	EndGlobalSection
	GlobalSection(ProjectConfigurationPlatforms) = postSolution
		{7C465BD0-BAD5-47B6-A33A-7752F96610AE}.Debug|Any CPU.ActiveCfg = Debug|Any CPU
		{7C465BD0-BAD5-47B6-A33A-7752F96610AE}.Debug|Any CPU.Build.0 = Debug|Any CPU
		{7C465BD0-BAD5-47B6-A33A-7752F96610AE}.Debug|Any CPU.Deploy.0 = Debug|Any CPU
		{7C465BD0-BAD5-47B6-A33A-7752F96610AE}.Release|Any CPU.ActiveCfg = Release|Any CPU
		{7C465BD0-BAD5-47B6-A33A-7752F96610AE}.Release|Any CPU.Build.0 = Release|Any CPU
		{7C465BD0-BAD5-47B6-A33A-7752F96610AE}.Release|Any CPU.Deploy.0 = Release|Any CPU
		{EFBE8C8D-5F91-4DC5-8DDA-949C79A215ED}.Debug|Any CPU.ActiveCfg = Debug|Any CPU
		{EFBE8C8D-5F91-4DC5-8DDA-949C79A215ED}.Debug|Any CPU.Build.0 = Debug|Any CPU
		{EFBE8C8D-5F91-4DC5-8DDA-949C79A215ED}.Release|Any CPU.ActiveCfg = Release|Any CPU
		{EFBE8C8D-5F91-4DC5-8DDA-949C79A215ED}.Release|Any CPU.Build.0 = Release|Any CPU
	EndGlobalSection
	GlobalSection(SolutionProperties) = preSolution
		HideSolutionNode = FALSE
	EndGlobalSection
EndGlobal
